<?xml version="1.0" encoding="utf-8"?>
<Project ToolsVersion="4.0" xmlns="http://schemas.microsoft.com/developer/msbuild/2003">
  <ItemGroup>
    <Filter Include="Source Files">
      <UniqueIdentifier>{4FC737F1-C7A5-4376-A066-2A32D752A2FF}</UniqueIdentifier>
      <Extensions>cpp;c;cc;cxx;def;odl;idl;hpj;bat;asm;asmx</Extensions>
    </Filter>
    <Filter Include="Header Files">
      <UniqueIdentifier>{93995380-89BD-4b04-88EB-625FBE52EBFB}</UniqueIdentifier>
      <Extensions>h;hpp;hxx;hm;inl;inc;xsd</Extensions>
    </Filter>
    <Filter Include="Header Files\teamspeak">
      <UniqueIdentifier>{424f4ce9-e47e-43e3-91bc-85bbfec2c680}</UniqueIdentifier>
    </Filter>
    <Filter Include="Header Files\teamlog">
      <UniqueIdentifier>{d76dfa87-907d-4936-a5cf-59462dba95d7}</UniqueIdentifier>
    </Filter>
    <Filter Include="Generated Files">
      <UniqueIdentifier>{71ED8ED8-ACB9-4CE9-BBE1-E00B30144E11}</UniqueIdentifier>
      <Extensions>moc;h;cpp</Extensions>
      <ParseFiles>true</ParseFiles>
    </Filter>
    <Filter Include="Generated Files\Debug">
      <UniqueIdentifier>{26b473da-1876-4a55-b414-cbc3bf13c64c}</UniqueIdentifier>
      <Extensions>cpp;moc</Extensions>
      <SourceControlFiles>False</SourceControlFiles>
    </Filter>
    <Filter Include="Generated Files\Release">
      <UniqueIdentifier>{a4869719-3887-4554-a57e-ba8908eb3597}</UniqueIdentifier>
      <Extensions>cpp;moc</Extensions>
      <SourceControlFiles>False</SourceControlFiles>
    </Filter>
  </ItemGroup>
  <ItemGroup>
    <ClCompile Include="plugin.cpp">
      <Filter>Source Files</Filter>
    </ClCompile>
    <ClCompile Include="wayfconfigdialog.cpp">
      <Filter>Source Files</Filter>
    </ClCompile>
    <ClCompile Include="GeneratedFiles\Debug\moc_wayfconfigdialog.cpp">
      <Filter>Generated Files\Debug</Filter>
    </ClCompile>
    <ClCompile Include="GeneratedFiles\Release\moc_wayfconfigdialog.cpp">
      <Filter>Generated Files\Release</Filter>
    </ClCompile>
    <ClCompile Include="sqlite3.c">
      <Filter>Source Files</Filter>
    </ClCompile>
  </ItemGroup>
  <ItemGroup>
    <CustomBuild Include="wayfconfigdialog.ui" />
    <CustomBuild Include="..\include\plugin_definitions.h">
      <Filter>Header Files</Filter>
    </CustomBuild>
    <CustomBuild Include="..\include\ts3_functions.h">
      <Filter>Header Files</Filter>
    </CustomBuild>
    <CustomBuild Include="..\include\ui_wayfconfigdialog.h">
      <Filter>Header Files</Filter>
    </CustomBuild>
    <CustomBuild Include="plugin.h">
      <Filter>Header Files</Filter>
    </CustomBuild>
    <CustomBuild Include="..\include\teamspeak\clientlib_publicdefinitions.h">
      <Filter>Header Files\teamspeak</Filter>
    </CustomBuild>
    <CustomBuild Include="..\include\teamspeak\public_definitions.h">
      <Filter>Header Files\teamspeak</Filter>
    </CustomBuild>
    <CustomBuild Include="..\include\teamspeak\public_errors.h">
      <Filter>Header Files\teamspeak</Filter>
    </CustomBuild>
    <CustomBuild Include="..\include\teamspeak\public_errors_rare.h">
      <Filter>Header Files\teamspeak</Filter>
    </CustomBuild>
    <CustomBuild Include="..\include\teamspeak\public_rare_definitions.h">
      <Filter>Header Files\teamspeak</Filter>
    </CustomBuild>
    <CustomBuild Include="..\include\teamlog\logtypes.h">
      <Filter>Header Files\teamlog</Filter>
    </CustomBuild>
    <CustomBuild Include="..\include\wayfconfigdialog.h">
      <Filter>Header Files</Filter>
    </CustomBuild>
  </ItemGroup>
  <ItemGroup>
    <ClInclude Include="..\include\sqlite3.h">
      <Filter>Header Files</Filter>
    </ClInclude>
  </ItemGroup>
</Project>